
Microsoft Visual Studio Solution File, Format Version 12.00
# Visual Studio Version 17
VisualStudioVersion = 17.6.33801.468
MinimumVisualStudioVersion = 10.0.40219.1
Project("{9A19103F-16F7-4668-BE54-9A1E7A4F7556}") = "BlazingApple.Forum.Shared", "BlazingApple.Forum\BlazingApple.Forum.Shared.csproj", "{E9A3B30F-2B11-4696-8ADA-70E541240F84}"
EndProject
Project("{2150E333-8FDC-42A3-9474-1A3956D46DE8}") = "_Solution Items", "_Solution Items", "{ACE6802B-DA24-4459-98F9-89570C5B797E}"
	ProjectSection(SolutionItems) = preProject
		..\..\.editorconfig = ..\..\.editorconfig
	EndProjectSection
EndProject
Project("{FAE04EC0-301F-11D3-BF4B-00C04F79EFBC}") = "BlazingApple.Forum.Components", "BlazingApple.Forum.Components\BlazingApple.Forum.Components.csproj", "{D113D410-3B51-4933-A78A-8CA0D0805DC0}"
EndProject
Global
	GlobalSection(SolutionConfigurationPlatforms) = preSolution
		Debug|Any CPU = Debug|Any CPU
		Release|Any CPU = Release|Any CPU
	EndGlobalSection
	GlobalSection(ProjectConfigurationPlatforms) = postSolution
		{E9A3B30F-2B11-4696-8ADA-70E541240F84}.Debug|Any CPU.ActiveCfg = Debug|Any CPU
		{E9A3B30F-2B11-4696-8ADA-70E541240F84}.Debug|Any CPU.Build.0 = Debug|Any CPU
		{E9A3B30F-2B11-4696-8ADA-70E541240F84}.Release|Any CPU.ActiveCfg = Release|Any CPU
		{E9A3B30F-2B11-4696-8ADA-70E541240F84}.Release|Any CPU.Build.0 = Release|Any CPU
		{D113D410-3B51-4933-A78A-8CA0D0805DC0}.Debug|Any CPU.ActiveCfg = Debug|Any CPU
		{D113D410-3B51-4933-A78A-8CA0D0805DC0}.Debug|Any CPU.Build.0 = Debug|Any CPU
		{D113D410-3B51-4933-A78A-8CA0D0805DC0}.Release|Any CPU.ActiveCfg = Release|Any CPU
		{D113D410-3B51-4933-A78A-8CA0D0805DC0}.Release|Any CPU.Build.0 = Release|Any CPU
	EndGlobalSection
	GlobalSection(SolutionProperties) = preSolution
		HideSolutionNode = FALSE
	EndGlobalSection
	GlobalSection(ExtensibilityGlobals) = postSolution
		SolutionGuid = {11E1B772-498B-4B81-8E61-78DF4EE81D78}
	EndGlobalSection
EndGlobal
